{
  "name": "axiom-hardhat-avalanche",
  "version": "1.0.0",
  "lockfileVersion": 3,
  "requires": true,
  "packages": {
    "": {
      "name": "axiom-hardhat-avalanche",
      "version": "1.0.0",
      "devDependencies": {
        "@onchain-id/solidity": "^2.2.1",
        "@openzeppelin/contracts-upgradeable": "^5.6.1",
        "@tokenysolutions/t-rex": "^4.1.6",
        "hardhat": "^3.4.4"
      }
    },
    "../node_modules/hardhat": {
      "version": "3.4.4",
      "dev": true,
      "license": "MIT",
      "dependencies": {
        "@nomicfoundation/edr": "0.12.0-next.31",
        "@nomicfoundation/hardhat-errors": "^3.0.12",
        "@nomicfoundation/hardhat-utils": "^4.1.0",
        "@nomicfoundation/hardhat-vendored": "^3.0.3",
        "@nomicfoundation/hardhat-zod-utils": "^3.0.4",
        "@nomicfoundation/solidity-analyzer": "^0.1.1",
        "@sentry/core": "^9.4.0",
        "adm-zip": "^0.4.16",
        "chokidar": "^4.0.3",
        "enquirer": "^2.3.0",
        "ethereum-cryptography": "^2.2.1",
        "micro-eth-signer": "^0.14.0",
        "p-map": "^7.0.2",
        "resolve.exports": "^2.0.3",
        "semver": "^7.6.3",
        "tsx": "^4.19.3",
        "ws": "^8.18.0",
        "zod": "^3.23.8"
      },
      "bin": {
        "hardhat": "dist/src/cli.js"
      },
      "devDependencies": {
        "@nomicfoundation/hardhat-node-test-reporter": "^3.0.6",
        "@nomicfoundation/hardhat-test-utils": "^2.0.3",
        "@types/adm-zip": "^0.5.5",
        "@types/node": "^22.0.0",
        "@types/semver": "^7.5.8",
        "@types/ws": "^8.5.13",
        "c8": "^9.1.0",
        "eslint": "9.25.1",
        "expect-type": "^1.2.1",
        "prettier": "3.2.5",
        "rimraf": "^5.0.5",
        "typescript": "~5.8.0"
      }
    },
    "../node_modules/hardhat/node_modules/@nomicfoundation/hardhat-utils": {
      "version": "4.1.0",
      "dev": true,
      "license": "MIT",
      "dependencies": {
        "@streamparser/json-node": "^0.0.22",
        "env-paths": "^2.2.0",
        "ethereum-cryptography": "^2.2.1",
        "fast-equals": "^5.4.0",
        "json-stream-stringify": "^3.1.6",
        "rfdc": "^1.3.1",
        "undici": "^6.16.1"
      }
    },
    "node_modules/@onchain-id/solidity": {
      "version": "2.2.1",
      "resolved": "https://registry.npmjs.org/@onchain-id/solidity/-/solidity-2.2.1.tgz",
      "integrity": "sha512-B54InT8yi89qlh9UVCARcfdQLVDP7Lef87B/Ww2Wn19oyEbPmlWho2EK1sgnrt/8Q0fGX/7y5rDnx3HPy28NTA==",
      "dev": true,
      "license": "ISC"
    },
    "node_modules/@openzeppelin/contracts": {
      "version": "5.6.1",
      "resolved": "https://registry.npmjs.org/@openzeppelin/contracts/-/contracts-5.6.1.tgz",
      "integrity": "sha512-Ly6SlsVJ3mj+b18W3R8gNufB7dTICT105fJhodGAGgyC2oqnBAhqSiNDJ8V8DLY05cCz81GLI0CU5vNYA1EC/w==",
      "dev": true,
      "license": "MIT",
      "peer": true
    },
    "node_modules/@openzeppelin/contracts-upgradeable": {
      "version": "5.6.1",
      "resolved": "https://registry.npmjs.org/@openzeppelin/contracts-upgradeable/-/contracts-upgradeable-5.6.1.tgz",
      "integrity": "sha512-n4a/vfRs114lXyUdYg7pyY8LvFKWvCDF5lEcRRAVxap8g6ZEdLqm+9tmt2zTtRHcNMxTYp9y5t6KBof4tHp7Og==",
      "dev": true,
      "license": "MIT",
      "peerDependencies": {
        "@openzeppelin/contracts": "5.6.1"
      }
    },
    "node_modules/@tokenysolutions/t-rex": {
      "version": "4.1.6",
      "resolved": "https://registry.npmjs.org/@tokenysolutions/t-rex/-/t-rex-4.1.6.tgz",
      "integrity": "sha512-GNmVAC11cqwF6bmVCl0yhaVfPLBptF4K0vmepghTPbSogky1WG+38h7RR/p7909Si2JgswreeeLZZyBLN0KZrg==",
      "dev": true,
      "license": "SEE LICENSE IN LICENSE.md"
    },
    "node_modules/hardhat": {
      "resolved": "../node_modules/hardhat",
      "link": true
    }
  }
}
